
Microsoft Visual Studio Solution File, Format Version 12.00
# Visual Studio Version 17
VisualStudioVersion = 17.13.35825.156
MinimumVisualStudioVersion = 10.0.40219.1
Project("{FAE04EC0-301F-11D3-BF4B-00C04F79EFBC}") = "HelloGreetingApplication", "HelloGreetingApplication\HelloGreetingApplication.csproj", "{13E4C8A5-66D1-4E81-AF2D-30B21E0C4B62}"
EndProject
Project("{FAE04EC0-301F-11D3-BF4B-00C04F79EFBC}") = "BusinessLayer", "BusinessLayer\BusinessLayer.csproj", "{8DAB8A5E-FFE6-4E1B-9DAC-7C7F8DBEC05C}"
EndProject
Project("{FAE04EC0-301F-11D3-BF4B-00C04F79EFBC}") = "RepositoryLayer", "RepositoryLayer\RepositoryLayer.csproj", "{3E6A53FD-CE6F-42D8-8D5B-183B1757D390}"
EndProject
Project("{FAE04EC0-301F-11D3-BF4B-00C04F79EFBC}") = "ModelLayer", "ModelLayer\ModelLayer.csproj", "{A220E63A-252F-42D5-9110-DEF4BCEB2617}"
EndProject
Project("{FAE04EC0-301F-11D3-BF4B-00C04F79EFBC}") = "Middleware", "Middleware\Middleware.csproj", "{A2531F55-643F-44E1-8C44-C7290C81844F}"
EndProject
Project("{FAE04EC0-301F-11D3-BF4B-00C04F79EFBC}") = "Email", "Email\Email.csproj", "{2F99A159-E4BF-4F28-83DB-5BCACAAE96B7}"
EndProject
Global
	GlobalSection(SolutionConfigurationPlatforms) = preSolution
		Debug|Any CPU = Debug|Any CPU
		Release|Any CPU = Release|Any CPU
	EndGlobalSection
	GlobalSection(ProjectConfigurationPlatforms) = postSolution
		{13E4C8A5-66D1-4E81-AF2D-30B21E0C4B62}.Debug|Any CPU.ActiveCfg = Debug|Any CPU
		{13E4C8A5-66D1-4E81-AF2D-30B21E0C4B62}.Debug|Any CPU.Build.0 = Debug|Any CPU
		{13E4C8A5-66D1-4E81-AF2D-30B21E0C4B62}.Release|Any CPU.ActiveCfg = Release|Any CPU
		{13E4C8A5-66D1-4E81-AF2D-30B21E0C4B62}.Release|Any CPU.Build.0 = Release|Any CPU
		{8DAB8A5E-FFE6-4E1B-9DAC-7C7F8DBEC05C}.Debug|Any CPU.ActiveCfg = Debug|Any CPU
		{8DAB8A5E-FFE6-4E1B-9DAC-7C7F8DBEC05C}.Debug|Any CPU.Build.0 = Debug|Any CPU
		{8DAB8A5E-FFE6-4E1B-9DAC-7C7F8DBEC05C}.Release|Any CPU.ActiveCfg = Release|Any CPU
		{8DAB8A5E-FFE6-4E1B-9DAC-7C7F8DBEC05C}.Release|Any CPU.Build.0 = Release|Any CPU
		{3E6A53FD-CE6F-42D8-8D5B-183B1757D390}.Debug|Any CPU.ActiveCfg = Debug|Any CPU
		{3E6A53FD-CE6F-42D8-8D5B-183B1757D390}.Debug|Any CPU.Build.0 = Debug|Any CPU
		{3E6A53FD-CE6F-42D8-8D5B-183B1757D390}.Release|Any CPU.ActiveCfg = Release|Any CPU
		{3E6A53FD-CE6F-42D8-8D5B-183B1757D390}.Release|Any CPU.Build.0 = Release|Any CPU
		{A220E63A-252F-42D5-9110-DEF4BCEB2617}.Debug|Any CPU.ActiveCfg = Debug|Any CPU
		{A220E63A-252F-42D5-9110-DEF4BCEB2617}.Debug|Any CPU.Build.0 = Debug|Any CPU
		{A220E63A-252F-42D5-9110-DEF4BCEB2617}.Release|Any CPU.ActiveCfg = Release|Any CPU
		{A220E63A-252F-42D5-9110-DEF4BCEB2617}.Release|Any CPU.Build.0 = Release|Any CPU
		{A2531F55-643F-44E1-8C44-C7290C81844F}.Debug|Any CPU.ActiveCfg = Debug|Any CPU
		{A2531F55-643F-44E1-8C44-C7290C81844F}.Debug|Any CPU.Build.0 = Debug|Any CPU
		{A2531F55-643F-44E1-8C44-C7290C81844F}.Release|Any CPU.ActiveCfg = Release|Any CPU
		{A2531F55-643F-44E1-8C44-C7290C81844F}.Release|Any CPU.Build.0 = Release|Any CPU
		{2F99A159-E4BF-4F28-83DB-5BCACAAE96B7}.Debug|Any CPU.ActiveCfg = Debug|Any CPU
		{2F99A159-E4BF-4F28-83DB-5BCACAAE96B7}.Debug|Any CPU.Build.0 = Debug|Any CPU
		{2F99A159-E4BF-4F28-83DB-5BCACAAE96B7}.Release|Any CPU.ActiveCfg = Release|Any CPU
		{2F99A159-E4BF-4F28-83DB-5BCACAAE96B7}.Release|Any CPU.Build.0 = Release|Any CPU
	EndGlobalSection
	GlobalSection(SolutionProperties) = preSolution
		HideSolutionNode = FALSE
	EndGlobalSection
	GlobalSection(ExtensibilityGlobals) = postSolution
		SolutionGuid = {05BF9D7B-62DE-4EC4-AADD-2BAEACB6981D}
	EndGlobalSection
EndGlobal
